// !$*UTF8*$!
{
	archiveVersion = 1;
	classes = {
	};
	objectVersion = 55;
	objects = {

/* Begin PBXBuildFile section */
		ADA9CCEE2882518B006F4E36 /* Tests_iOS.swift in Sources */ = {isa = PBXBuildFile; fileRef = ADA9CCED2882518B006F4E36 /* Tests_iOS.swift */; };
		ADA9CCF02882518B006F4E36 /* Tests_iOSLaunchTests.swift in Sources */ = {isa = PBXBuildFile; fileRef = ADA9CCEF2882518B006F4E36 /* Tests_iOSLaunchTests.swift */; };
		ADA9CCFA2882518B006F4E36 /* Tests_macOS.swift in Sources */ = {isa = PBXBuildFile; fileRef = ADA9CCF92882518B006F4E36 /* Tests_macOS.swift */; };
		ADA9CCFC2882518B006F4E36 /* Tests_macOSLaunchTests.swift in Sources */ = {isa = PBXBuildFile; fileRef = ADA9CCFB2882518B006F4E36 /* Tests_macOSLaunchTests.swift */; };
		ADA9CCFD2882518B006F4E36 /* NavigationRouterPracticeApp.swift in Sources */ = {isa = PBXBuildFile; fileRef = ADA9CCD52882518A006F4E36 /* NavigationRouterPracticeApp.swift */; };
		ADA9CCFE2882518B006F4E36 /* NavigationRouterPracticeApp.swift in Sources */ = {isa = PBXBuildFile; fileRef = ADA9CCD52882518A006F4E36 /* NavigationRouterPracticeApp.swift */; };
		ADA9CCFF2882518B006F4E36 /* ContentView.swift in Sources */ = {isa = PBXBuildFile; fileRef = ADA9CCD62882518A006F4E36 /* ContentView.swift */; };
		ADA9CD002882518B006F4E36 /* ContentView.swift in Sources */ = {isa = PBXBuildFile; fileRef = ADA9CCD62882518A006F4E36 /* ContentView.swift */; };
		ADA9CD012882518B006F4E36 /* Assets.xcassets in Resources */ = {isa = PBXBuildFile; fileRef = ADA9CCD72882518B006F4E36 /* Assets.xcassets */; };
		ADA9CD022882518B006F4E36 /* Assets.xcassets in Resources */ = {isa = PBXBuildFile; fileRef = ADA9CCD72882518B006F4E36 /* Assets.xcassets */; };
/* End PBXBuildFile section */

/* Begin PBXContainerItemProxy section */
		ADA9CCEA2882518B006F4E36 /* PBXContainerItemProxy */ = {
			isa = PBXContainerItemProxy;
			containerPortal = ADA9CCD02882518A006F4E36 /* Project object */;
			proxyType = 1;
			remoteGlobalIDString = ADA9CCDB2882518B006F4E36;
			remoteInfo = "NavigationRouterPractice (iOS)";
		};
		ADA9CCF62882518B006F4E36 /* PBXContainerItemProxy */ = {
			isa = PBXContainerItemProxy;
			containerPortal = ADA9CCD02882518A006F4E36 /* Project object */;
			proxyType = 1;
			remoteGlobalIDString = ADA9CCE12882518B006F4E36;
			remoteInfo = "NavigationRouterPractice (macOS)";
		};
/* End PBXContainerItemProxy section */

/* Begin PBXFileReference section */
		ADA9CCD52882518A006F4E36 /* NavigationRouterPracticeApp.swift */ = {isa = PBXFileReference; lastKnownFileType = sourcecode.swift; path = NavigationRouterPracticeApp.swift; sourceTree = "<group>"; };
		ADA9CCD62882518A006F4E36 /* ContentView.swift */ = {isa = PBXFileReference; lastKnownFileType = sourcecode.swift; path = ContentView.swift; sourceTree = "<group>"; };
		ADA9CCD72882518B006F4E36 /* Assets.xcassets */ = {isa = PBXFileReference; lastKnownFileType = folder.assetcatalog; path = Assets.xcassets; sourceTree = "<group>"; };
		ADA9CCDC2882518B006F4E36 /* NavigationRouterPractice.app */ = {isa = PBXFileReference; explicitFileType = wrapper.application; includeInIndex = 0; path = NavigationRouterPractice.app; sourceTree = BUILT_PRODUCTS_DIR; };
		ADA9CCE22882518B006F4E36 /* NavigationRouterPractice.app */ = {isa = PBXFileReference; explicitFileType = wrapper.application; includeInIndex = 0; path = NavigationRouterPractice.app; sourceTree = BUILT_PRODUCTS_DIR; };
		ADA9CCE42882518B006F4E36 /* macOS.entitlements */ = {isa = PBXFileReference; lastKnownFileType = text.plist.entitlements; path = macOS.entitlements; sourceTree = "<group>"; };
		ADA9CCE92882518B006F4E36 /* Tests iOS.xctest */ = {isa = PBXFileReference; explicitFileType = wrapper.cfbundle; includeInIndex = 0; path = "Tests iOS.xctest"; sourceTree = BUILT_PRODUCTS_DIR; };
		ADA9CCED2882518B006F4E36 /* Tests_iOS.swift */ = {isa = PBXFileReference; lastKnownFileType = sourcecode.swift; path = Tests_iOS.swift; sourceTree = "<group>"; };
		ADA9CCEF2882518B006F4E36 /* Tests_iOSLaunchTests.swift */ = {isa = PBXFileReference; lastKnownFileType = sourcecode.swift; path = Tests_iOSLaunchTests.swift; sourceTree = "<group>"; };
		ADA9CCF52882518B006F4E36 /* Tests macOS.xctest */ = {isa = PBXFileReference; explicitFileType = wrapper.cfbundle; includeInIndex = 0; path = "Tests macOS.xctest"; sourceTree = BUILT_PRODUCTS_DIR; };
		ADA9CCF92882518B006F4E36 /* Tests_macOS.swift */ = {isa = PBXFileReference; lastKnownFileType = sourcecode.swift; path = Tests_macOS.swift; sourceTree = "<group>"; };
		ADA9CCFB2882518B006F4E36 /* Tests_macOSLaunchTests.swift */ = {isa = PBXFileReference; lastKnownFileType = sourcecode.swift; path = Tests_macOSLaunchTests.swift; sourceTree = "<group>"; };
/* End PBXFileReference section */

/* Begin PBXFrameworksBuildPhase section */
		ADA9CCD92882518B006F4E36 /* Frameworks */ = {
			isa = PBXFrameworksBuildPhase;
			buildActionMask = 2147483647;
			files = (
			);
			runOnlyForDeploymentPostprocessing = 0;
		};
		ADA9CCDF2882518B006F4E36 /* Frameworks */ = {
			isa = PBXFrameworksBuildPhase;
			buildActionMask = 2147483647;
			files = (
			);
			runOnlyForDeploymentPostprocessing = 0;
		};
		ADA9CCE62882518B006F4E36 /* Frameworks */ = {
			isa = PBXFrameworksBuildPhase;
			buildActionMask = 2147483647;
			files = (
			);
			runOnlyForDeploymentPostprocessing = 0;
		};
		ADA9CCF22882518B006F4E36 /* Frameworks */ = {
			isa = PBXFrameworksBuildPhase;
			buildActionMask = 2147483647;
			files = (
			);
			runOnlyForDeploymentPostprocessing = 0;
		};
/* End PBXFrameworksBuildPhase section */

/* Begin PBXGroup section */
		ADA9CCCF2882518A006F4E36 = {
			isa = PBXGroup;
			children = (
				ADA9CCD42882518A006F4E36 /* Shared */,
				ADA9CCE32882518B006F4E36 /* macOS */,
				ADA9CCEC2882518B006F4E36 /* Tests iOS */,
				ADA9CCF82882518B006F4E36 /* Tests macOS */,
				ADA9CCDD2882518B006F4E36 /* Products */,
			);
			sourceTree = "<group>";
		};
		ADA9CCD42882518A006F4E36 /* Shared */ = {
			isa = PBXGroup;
			children = (
				ADA9CCD52882518A006F4E36 /* NavigationRouterPracticeApp.swift */,
				ADA9CCD62882518A006F4E36 /* ContentView.swift */,
				ADA9CCD72882518B006F4E36 /* Assets.xcassets */,
			);
			path = Shared;
			sourceTree = "<group>";
		};
		ADA9CCDD2882518B006F4E36 /* Products */ = {
			isa = PBXGroup;
			children = (
				ADA9CCDC2882518B006F4E36 /* NavigationRouterPractice.app */,
				ADA9CCE22882518B006F4E36 /* NavigationRouterPractice.app */,
				ADA9CCE92882518B006F4E36 /* Tests iOS.xctest */,
				ADA9CCF52882518B006F4E36 /* Tests macOS.xctest */,
			);
			name = Products;
			sourceTree = "<group>";
		};
		ADA9CCE32882518B006F4E36 /* macOS */ = {
			isa = PBXGroup;
			children = (
				ADA9CCE42882518B006F4E36 /* macOS.entitlements */,
			);
			path = macOS;
			sourceTree = "<group>";
		};
		ADA9CCEC2882518B006F4E36 /* Tests iOS */ = {
			isa = PBXGroup;
			children = (
				ADA9CCED2882518B006F4E36 /* Tests_iOS.swift */,
				ADA9CCEF2882518B006F4E36 /* Tests_iOSLaunchTests.swift */,
			);
			path = "Tests iOS";
			sourceTree = "<group>";
		};
		ADA9CCF82882518B006F4E36 /* Tests macOS */ = {
			isa = PBXGroup;
			children = (
				ADA9CCF92882518B006F4E36 /* Tests_macOS.swift */,
				ADA9CCFB2882518B006F4E36 /* Tests_macOSLaunchTests.swift */,
			);
			path = "Tests macOS";
			sourceTree = "<group>";
		};
/* End PBXGroup section */

/* Begin PBXNativeTarget section */
		ADA9CCDB2882518B006F4E36 /* NavigationRouterPractice (iOS) */ = {
			isa = PBXNativeTarget;
			buildConfigurationList = ADA9CD052882518B006F4E36 /* Build configuration list for PBXNativeTarget "NavigationRouterPractice (iOS)" */;
			buildPhases = (
				ADA9CCD82882518B006F4E36 /* Sources */,
				ADA9CCD92882518B006F4E36 /* Frameworks */,
				ADA9CCDA2882518B006F4E36 /* Resources */,
			);
			buildRules = (
			);
			dependencies = (
			);
			name = "NavigationRouterPractice (iOS)";
			productName = "NavigationRouterPractice (iOS)";
			productReference = ADA9CCDC2882518B006F4E36 /* NavigationRouterPractice.app */;
			productType = "com.apple.product-type.application";
		};
		ADA9CCE12882518B006F4E36 /* NavigationRouterPractice (macOS) */ = {
			isa = PBXNativeTarget;
			buildConfigurationList = ADA9CD082882518B006F4E36 /* Build configuration list for PBXNativeTarget "NavigationRouterPractice (macOS)" */;
			buildPhases = (
				ADA9CCDE2882518B006F4E36 /* Sources */,
				ADA9CCDF2882518B006F4E36 /* Frameworks */,
				ADA9CCE02882518B006F4E36 /* Resources */,
			);
			buildRules = (
			);
			dependencies = (
			);
			name = "NavigationRouterPractice (macOS)";
			productName = "NavigationRouterPractice (macOS)";
			productReference = ADA9CCE22882518B006F4E36 /* NavigationRouterPractice.app */;
			productType = "com.apple.product-type.application";
		};
		ADA9CCE82882518B006F4E36 /* Tests iOS */ = {
			isa = PBXNativeTarget;
			buildConfigurationList = ADA9CD0B2882518B006F4E36 /* Build configuration list for PBXNativeTarget "Tests iOS" */;
			buildPhases = (
				ADA9CCE52882518B006F4E36 /* Sources */,
				ADA9CCE62882518B006F4E36 /* Frameworks */,
				ADA9CCE72882518B006F4E36 /* Resources */,
			);
			buildRules = (
			);
			dependencies = (
				ADA9CCEB2882518B006F4E36 /* PBXTargetDependency */,
			);
			name = "Tests iOS";
			productName = "Tests iOS";
			productReference = ADA9CCE92882518B006F4E36 /* Tests iOS.xctest */;
			productType = "com.apple.product-type.bundle.ui-testing";
		};
		ADA9CCF42882518B006F4E36 /* Tests macOS */ = {
			isa = PBXNativeTarget;
			buildConfigurationList = ADA9CD0E2882518B006F4E36 /* Build configuration list for PBXNativeTarget "Tests macOS" */;
			buildPhases = (
				ADA9CCF12882518B006F4E36 /* Sources */,
				ADA9CCF22882518B006F4E36 /* Frameworks */,
				ADA9CCF32882518B006F4E36 /* Resources */,
			);
			buildRules = (
			);
			dependencies = (
				ADA9CCF72882518B006F4E36 /* PBXTargetDependency */,
			);
			name = "Tests macOS";
			productName = "Tests macOS";
			productReference = ADA9CCF52882518B006F4E36 /* Tests macOS.xctest */;
			productType = "com.apple.product-type.bundle.ui-testing";
		};
/* End PBXNativeTarget section */

/* Begin PBXProject section */
		ADA9CCD02882518A006F4E36 /* Project object */ = {
			isa = PBXProject;
			attributes = {
				BuildIndependentTargetsInParallel = 1;
				LastSwiftUpdateCheck = 1320;
				LastUpgradeCheck = 1320;
				TargetAttributes = {
					ADA9CCDB2882518B006F4E36 = {
						CreatedOnToolsVersion = 13.2.1;
					};
					ADA9CCE12882518B006F4E36 = {
						CreatedOnToolsVersion = 13.2.1;
					};
					ADA9CCE82882518B006F4E36 = {
						CreatedOnToolsVersion = 13.2.1;
						TestTargetID = ADA9CCDB2882518B006F4E36;
					};
					ADA9CCF42882518B006F4E36 = {
						CreatedOnToolsVersion = 13.2.1;
						TestTargetID = ADA9CCE12882518B006F4E36;
					};
				};
			};
			buildConfigurationList = ADA9CCD32882518A006F4E36 /* Build configuration list for PBXProject "NavigationRouterPractice" */;
			compatibilityVersion = "Xcode 13.0";
			developmentRegion = en;
			hasScannedForEncodings = 0;
			knownRegions = (
				en,
				Base,
			);
			mainGroup = ADA9CCCF2882518A006F4E36;
			productRefGroup = ADA9CCDD2882518B006F4E36 /* Products */;
			projectDirPath = "";
			projectRoot = "";
			targets = (
				ADA9CCDB2882518B006F4E36 /* NavigationRouterPractice (iOS) */,
				ADA9CCE12882518B006F4E36 /* NavigationRouterPractice (macOS) */,
				ADA9CCE82882518B006F4E36 /* Tests iOS */,
				ADA9CCF42882518B006F4E36 /* Tests macOS */,
			);
		};
/* End PBXProject section */

/* Begin PBXResourcesBuildPhase section */
		ADA9CCDA2882518B006F4E36 /* Resources */ = {
			isa = PBXResourcesBuildPhase;
			buildActionMask = 2147483647;
			files = (
				ADA9CD012882518B006F4E36 /* Assets.xcassets in Resources */,
			);
			runOnlyForDeploymentPostprocessing = 0;
		};
		ADA9CCE02882518B006F4E36 /* Resources */ = {
			isa = PBXResourcesBuildPhase;
			buildActionMask = 2147483647;
			files = (
				ADA9CD022882518B006F4E36 /* Assets.xcassets in Resources */,
			);
			runOnlyForDeploymentPostprocessing = 0;
		};
		ADA9CCE72882518B006F4E36 /* Resources */ = {
			isa = PBXResourcesBuildPhase;
			buildActionMask = 2147483647;
			files = (
			);
			runOnlyForDeploymentPostprocessing = 0;
		};
		ADA9CCF32882518B006F4E36 /* Resources */ = {
			isa = PBXResourcesBuildPhase;
			buildActionMask = 2147483647;
			files = (
			);
			runOnlyForDeploymentPostprocessing = 0;
		};
/* End PBXResourcesBuildPhase section */

/* Begin PBXSourcesBuildPhase section */
		ADA9CCD82882518B006F4E36 /* Sources */ = {
			isa = PBXSourcesBuildPhase;
			buildActionMask = 2147483647;
			files = (
				ADA9CCFF2882518B006F4E36 /* ContentView.swift in Sources */,
				ADA9CCFD2882518B006F4E36 /* NavigationRouterPracticeApp.swift in Sources */,
			);
			runOnlyForDeploymentPostprocessing = 0;
		};
		ADA9CCDE2882518B006F4E36 /* Sources */ = {
			isa = PBXSourcesBuildPhase;
			buildActionMask = 2147483647;
			files = (
				ADA9CD002882518B006F4E36 /* ContentView.swift in Sources */,
				ADA9CCFE2882518B006F4E36 /* NavigationRouterPracticeApp.swift in Sources */,
			);
			runOnlyForDeploymentPostprocessing = 0;
		};
		ADA9CCE52882518B006F4E36 /* Sources */ = {
			isa = PBXSourcesBuildPhase;
			buildActionMask = 2147483647;
			files = (
				ADA9CCF02882518B006F4E36 /* Tests_iOSLaunchTests.swift in Sources */,
				ADA9CCEE2882518B006F4E36 /* Tests_iOS.swift in Sources */,
			);
			runOnlyForDeploymentPostprocessing = 0;
		};
		ADA9CCF12882518B006F4E36 /* Sources */ = {
			isa = PBXSourcesBuildPhase;
			buildActionMask = 2147483647;
			files = (
				ADA9CCFC2882518B006F4E36 /* Tests_macOSLaunchTests.swift in Sources */,
				ADA9CCFA2882518B006F4E36 /* Tests_macOS.swift in Sources */,
			);
			runOnlyForDeploymentPostprocessing = 0;
		};
/* End PBXSourcesBuildPhase section */

/* Begin PBXTargetDependency section */
		ADA9CCEB2882518B006F4E36 /* PBXTargetDependency */ = {
			isa = PBXTargetDependency;
			target = ADA9CCDB2882518B006F4E36 /* NavigationRouterPractice (iOS) */;
			targetProxy = ADA9CCEA2882518B006F4E36 /* PBXContainerItemProxy */;
		};
		ADA9CCF72882518B006F4E36 /* PBXTargetDependency */ = {
			isa = PBXTargetDependency;
			target = ADA9CCE12882518B006F4E36 /* NavigationRouterPractice (macOS) */;
			targetProxy = ADA9CCF62882518B006F4E36 /* PBXContainerItemProxy */;
		};
/* End PBXTargetDependency section */

/* Begin XCBuildConfiguration section */
		ADA9CD032882518B006F4E36 /* Debug */ = {
			isa = XCBuildConfiguration;
			buildSettings = {
				ALWAYS_SEARCH_USER_PATHS = NO;
				CLANG_ANALYZER_NONNULL = YES;
				CLANG_ANALYZER_NUMBER_OBJECT_CONVERSION = YES_AGGRESSIVE;
				CLANG_CXX_LANGUAGE_STANDARD = "gnu++17";
				CLANG_CXX_LIBRARY = "libc++";
				CLANG_ENABLE_MODULES = YES;
				CLANG_ENABLE_OBJC_ARC = YES;
				CLANG_ENABLE_OBJC_WEAK = YES;
				CLANG_WARN_BLOCK_CAPTURE_AUTORELEASING = YES;
				CLANG_WARN_BOOL_CONVERSION = YES;
				CLANG_WARN_COMMA = YES;
				CLANG_WARN_CONSTANT_CONVERSION = YES;
				CLANG_WARN_DEPRECATED_OBJC_IMPLEMENTATIONS = YES;
				CLANG_WARN_DIRECT_OBJC_ISA_USAGE = YES_ERROR;
				CLANG_WARN_DOCUMENTATION_COMMENTS = YES;
				CLANG_WARN_EMPTY_BODY = YES;
				CLANG_WARN_ENUM_CONVERSION = YES;
				CLANG_WARN_INFINITE_RECURSION = YES;
				CLANG_WARN_INT_CONVERSION = YES;
				CLANG_WARN_NON_LITERAL_NULL_CONVERSION = YES;
				CLANG_WARN_OBJC_IMPLICIT_RETAIN_SELF = YES;
				CLANG_WARN_OBJC_LITERAL_CONVERSION = YES;
				CLANG_WARN_OBJC_ROOT_CLASS = YES_ERROR;
				CLANG_WARN_QUOTED_INCLUDE_IN_FRAMEWORK_HEADER = YES;
				CLANG_WARN_RANGE_LOOP_ANALYSIS = YES;
				CLANG_WARN_STRICT_PROTOTYPES = YES;
				CLANG_WARN_SUSPICIOUS_MOVE = YES;
				CLANG_WARN_UNGUARDED_AVAILABILITY = YES_AGGRESSIVE;
				CLANG_WARN_UNREACHABLE_CODE = YES;
				CLANG_WARN__DUPLICATE_METHOD_MATCH = YES;
				COPY_PHASE_STRIP = NO;
				DEBUG_INFORMATION_FORMAT = dwarf;
				ENABLE_STRICT_OBJC_MSGSEND = YES;
				ENABLE_TESTABILITY = YES;
				GCC_C_LANGUAGE_STANDARD = gnu11;
				GCC_DYNAMIC_NO_PIC = NO;
				GCC_NO_COMMON_BLOCKS = YES;
				GCC_OPTIMIZATION_LEVEL = 0;
				GCC_PREPROCESSOR_DEFINITIONS = (
					"DEBUG=1",
					"$(inherited)",
				);
				GCC_WARN_64_TO_32_BIT_CONVERSION = YES;
				GCC_WARN_ABOUT_RETURN_TYPE = YES_ERROR;
				GCC_WARN_UNDECLARED_SELECTOR = YES;
				GCC_WARN_UNINITIALIZED_AUTOS = YES_AGGRESSIVE;
				GCC_WARN_UNUSED_FUNCTION = YES;
				GCC_WARN_UNUSED_VARIABLE = YES;
				MTL_ENABLE_DEBUG_INFO = INCLUDE_SOURCE;
				MTL_FAST_MATH = YES;
				ONLY_ACTIVE_ARCH = YES;
				SWIFT_ACTIVE_COMPILATION_CONDITIONS = DEBUG;
				SWIFT_OPTIMIZATION_LEVEL = "-Onone";
			};
			name = Debug;
		};
		ADA9CD042882518B006F4E36 /* Release */ = {
			isa = XCBuildConfiguration;
			buildSettings = {
				ALWAYS_SEARCH_USER_PATHS = NO;
				CLANG_ANALYZER_NONNULL = YES;
				CLANG_ANALYZER_NUMBER_OBJECT_CONVERSION = YES_AGGRESSIVE;
				CLANG_CXX_LANGUAGE_STANDARD = "gnu++17";
				CLANG_CXX_LIBRARY = "libc++";
				CLANG_ENABLE_MODULES = YES;
				CLANG_ENABLE_OBJC_ARC = YES;
				CLANG_ENABLE_OBJC_WEAK = YES;
				CLANG_WARN_BLOCK_CAPTURE_AUTORELEASING = YES;
				CLANG_WARN_BOOL_CONVERSION = YES;
				CLANG_WARN_COMMA = YES;
				CLANG_WARN_CONSTANT_CONVERSION = YES;
				CLANG_WARN_DEPRECATED_OBJC_IMPLEMENTATIONS = YES;
				CLANG_WARN_DIRECT_OBJC_ISA_USAGE = YES_ERROR;
				CLANG_WARN_DOCUMENTATION_COMMENTS = YES;
				CLANG_WARN_EMPTY_BODY = YES;
				CLANG_WARN_ENUM_CONVERSION = YES;
				CLANG_WARN_INFINITE_RECURSION = YES;
				CLANG_WARN_INT_CONVERSION = YES;
				CLANG_WARN_NON_LITERAL_NULL_CONVERSION = YES;
				CLANG_WARN_OBJC_IMPLICIT_RETAIN_SELF = YES;
				CLANG_WARN_OBJC_LITERAL_CONVERSION = YES;
				CLANG_WARN_OBJC_ROOT_CLASS = YES_ERROR;
				CLANG_WARN_QUOTED_INCLUDE_IN_FRAMEWORK_HEADER = YES;
				CLANG_WARN_RANGE_LOOP_ANALYSIS = YES;
				CLANG_WARN_STRICT_PROTOTYPES = YES;
				CLANG_WARN_SUSPICIOUS_MOVE = YES;
				CLANG_WARN_UNGUARDED_AVAILABILITY = YES_AGGRESSIVE;
				CLANG_WARN_UNREACHABLE_CODE = YES;
				CLANG_WARN__DUPLICATE_METHOD_MATCH = YES;
				COPY_PHASE_STRIP = NO;
				DEBUG_INFORMATION_FORMAT = "dwarf-with-dsym";
				ENABLE_NS_ASSERTIONS = NO;
				ENABLE_STRICT_OBJC_MSGSEND = YES;
				GCC_C_LANGUAGE_STANDARD = gnu11;
				GCC_NO_COMMON_BLOCKS = YES;
				GCC_WARN_64_TO_32_BIT_CONVERSION = YES;
				GCC_WARN_ABOUT_RETURN_TYPE = YES_ERROR;
				GCC_WARN_UNDECLARED_SELECTOR = YES;
				GCC_WARN_UNINITIALIZED_AUTOS = YES_AGGRESSIVE;
				GCC_WARN_UNUSED_FUNCTION = YES;
				GCC_WARN_UNUSED_VARIABLE = YES;
				MTL_ENABLE_DEBUG_INFO = NO;
				MTL_FAST_MATH = YES;
				SWIFT_COMPILATION_MODE = wholemodule;
				SWIFT_OPTIMIZATION_LEVEL = "-O";
			};
			name = Release;
		};
		ADA9CD062882518B006F4E36 /* Debug */ = {
			isa = XCBuildConfiguration;
			buildSettings = {
				ASSETCATALOG_COMPILER_APPICON_NAME = AppIcon;
				ASSETCATALOG_COMPILER_GLOBAL_ACCENT_COLOR_NAME = AccentColor;
				CODE_SIGN_STYLE = Automatic;
				CURRENT_PROJECT_VERSION = 1;
				DEVELOPMENT_TEAM = 9S84Q43P56;
				ENABLE_PREVIEWS = YES;
				GENERATE_INFOPLIST_FILE = YES;
				INFOPLIST_KEY_UIApplicationSceneManifest_Generation = YES;
				INFOPLIST_KEY_UIApplicationSupportsIndirectInputEvents = YES;
				INFOPLIST_KEY_UILaunchScreen_Generation = YES;
				INFOPLIST_KEY_UISupportedInterfaceOrientations_iPad = "UIInterfaceOrientationPortrait UIInterfaceOrientationPortraitUpsideDown UIInterfaceOrientationLandscapeLeft UIInterfaceOrientationLandscapeRight";
				INFOPLIST_KEY_UISupportedInterfaceOrientations_iPhone = "UIInterfaceOrientationPortrait UIInterfaceOrientationLandscapeLeft UIInterfaceOrientationLandscapeRight";
				IPHONEOS_DEPLOYMENT_TARGET = 15.2;
				LD_RUNPATH_SEARCH_PATHS = (
					"$(inherited)",
					"@executable_path/Frameworks",
				);
				MARKETING_VERSION = 1.0;
				PRODUCT_BUNDLE_IDENTIFIER = "hung-chun.tsai.NavigationRouterPractice";
				PRODUCT_NAME = NavigationRouterPractice;
				SDKROOT = iphoneos;
				SWIFT_EMIT_LOC_STRINGS = YES;
				SWIFT_VERSION = 5.0;
				TARGETED_DEVICE_FAMILY = "1,2";
			};
			name = Debug;
		};
		ADA9CD072882518B006F4E36 /* Release */ = {
			isa = XCBuildConfiguration;
			buildSettings = {
				ASSETCATALOG_COMPILER_APPICON_NAME = AppIcon;
				ASSETCATALOG_COMPILER_GLOBAL_ACCENT_COLOR_NAME = AccentColor;
				CODE_SIGN_STYLE = Automatic;
				CURRENT_PROJECT_VERSION = 1;
				DEVELOPMENT_TEAM = 9S84Q43P56;
				ENABLE_PREVIEWS = YES;
				GENERATE_INFOPLIST_FILE = YES;
				INFOPLIST_KEY_UIApplicationSceneManifest_Generation = YES;
				INFOPLIST_KEY_UIApplicationSupportsIndirectInputEvents = YES;
				INFOPLIST_KEY_UILaunchScreen_Generation = YES;
				INFOPLIST_KEY_UISupportedInterfaceOrientations_iPad = "UIInterfaceOrientationPortrait UIInterfaceOrientationPortraitUpsideDown UIInterfaceOrientationLandscapeLeft UIInterfaceOrientationLandscapeRight";
				INFOPLIST_KEY_UISupportedInterfaceOrientations_iPhone = "UIInterfaceOrientationPortrait UIInterfaceOrientationLandscapeLeft UIInterfaceOrientationLandscapeRight";
				IPHONEOS_DEPLOYMENT_TARGET = 15.2;
				LD_RUNPATH_SEARCH_PATHS = (
					"$(inherited)",
					"@executable_path/Frameworks",
				);
				MARKETING_VERSION = 1.0;
				PRODUCT_BUNDLE_IDENTIFIER = "hung-chun.tsai.NavigationRouterPractice";
				PRODUCT_NAME = NavigationRouterPractice;
				SDKROOT = iphoneos;
				SWIFT_EMIT_LOC_STRINGS = YES;
				SWIFT_VERSION = 5.0;
				TARGETED_DEVICE_FAMILY = "1,2";
				VALIDATE_PRODUCT = YES;
			};
			name = Release;
		};
		ADA9CD092882518B006F4E36 /* Debug */ = {
			isa = XCBuildConfiguration;
			buildSettings = {
				ASSETCATALOG_COMPILER_APPICON_NAME = AppIcon;
				ASSETCATALOG_COMPILER_GLOBAL_ACCENT_COLOR_NAME = AccentColor;
				CODE_SIGN_ENTITLEMENTS = macOS/macOS.entitlements;
				CODE_SIGN_STYLE = Automatic;
				COMBINE_HIDPI_IMAGES = YES;
				CURRENT_PROJECT_VERSION = 1;
				DEVELOPMENT_TEAM = 9S84Q43P56;
				ENABLE_HARDENED_RUNTIME = YES;
				ENABLE_PREVIEWS = YES;
				GENERATE_INFOPLIST_FILE = YES;
				INFOPLIST_KEY_NSHumanReadableCopyright = "";
				LD_RUNPATH_SEARCH_PATHS = (
					"$(inherited)",
					"@executable_path/../Frameworks",
				);
				MACOSX_DEPLOYMENT_TARGET = 12.1;
				MARKETING_VERSION = 1.0;
				PRODUCT_BUNDLE_IDENTIFIER = "hung-chun.tsai.NavigationRouterPractice";
				PRODUCT_NAME = NavigationRouterPractice;
				SDKROOT = macosx;
				SWIFT_EMIT_LOC_STRINGS = YES;
				SWIFT_VERSION = 5.0;
			};
			name = Debug;
		};
		ADA9CD0A2882518B006F4E36 /* Release */ = {
			isa = XCBuildConfiguration;
			buildSettings = {
				ASSETCATALOG_COMPILER_APPICON_NAME = AppIcon;
				ASSETCATALOG_COMPILER_GLOBAL_ACCENT_COLOR_NAME = AccentColor;
				CODE_SIGN_ENTITLEMENTS = macOS/macOS.entitlements;
				CODE_SIGN_STYLE = Automatic;
				COMBINE_HIDPI_IMAGES = YES;
				CURRENT_PROJECT_VERSION = 1;
				DEVELOPMENT_TEAM = 9S84Q43P56;
				ENABLE_HARDENED_RUNTIME = YES;
				ENABLE_PREVIEWS = YES;
				GENERATE_INFOPLIST_FILE = YES;
				INFOPLIST_KEY_NSHumanReadableCopyright = "";
				LD_RUNPATH_SEARCH_PATHS = (
					"$(inherited)",
					"@executable_path/../Frameworks",
				);
				MACOSX_DEPLOYMENT_TARGET = 12.1;
				MARKETING_VERSION = 1.0;
				PRODUCT_BUNDLE_IDENTIFIER = "hung-chun.tsai.NavigationRouterPractice";
				PRODUCT_NAME = NavigationRouterPractice;
				SDKROOT = macosx;
				SWIFT_EMIT_LOC_STRINGS = YES;
				SWIFT_VERSION = 5.0;
			};
			name = Release;
		};
		ADA9CD0C2882518B006F4E36 /* Debug */ = {
			isa = XCBuildConfiguration;
			buildSettings = {
				ALWAYS_EMBED_SWIFT_STANDARD_LIBRARIES = YES;
				CODE_SIGN_STYLE = Automatic;
				CURRENT_PROJECT_VERSION = 1;
				DEVELOPMENT_TEAM = 9S84Q43P56;
				GENERATE_INFOPLIST_FILE = YES;
				IPHONEOS_DEPLOYMENT_TARGET = 15.2;
				MARKETING_VERSION = 1.0;
				PRODUCT_BUNDLE_IDENTIFIER = "hung-chun.tsai.Tests-iOS";
				PRODUCT_NAME = "$(TARGET_NAME)";
				SDKROOT = iphoneos;
				SWIFT_EMIT_LOC_STRINGS = NO;
				SWIFT_VERSION = 5.0;
				TARGETED_DEVICE_FAMILY = "1,2";
				TEST_TARGET_NAME = "NavigationRouterPractice (iOS)";
			};
			name = Debug;
		};
		ADA9CD0D2882518B006F4E36 /* Release */ = {
			isa = XCBuildConfiguration;
			buildSettings = {
				ALWAYS_EMBED_SWIFT_STANDARD_LIBRARIES = YES;
				CODE_SIGN_STYLE = Automatic;
				CURRENT_PROJECT_VERSION = 1;
				DEVELOPMENT_TEAM = 9S84Q43P56;
				GENERATE_INFOPLIST_FILE = YES;
				IPHONEOS_DEPLOYMENT_TARGET = 15.2;
				MARKETING_VERSION = 1.0;
				PRODUCT_BUNDLE_IDENTIFIER = "hung-chun.tsai.Tests-iOS";
				PRODUCT_NAME = "$(TARGET_NAME)";
				SDKROOT = iphoneos;
				SWIFT_EMIT_LOC_STRINGS = NO;
				SWIFT_VERSION = 5.0;
				TARGETED_DEVICE_FAMILY = "1,2";
				TEST_TARGET_NAME = "NavigationRouterPractice (iOS)";
				VALIDATE_PRODUCT = YES;
			};
			name = Release;
		};
		ADA9CD0F2882518B006F4E36 /* Debug */ = {
			isa = XCBuildConfiguration;
			buildSettings = {
				ALWAYS_EMBED_SWIFT_STANDARD_LIBRARIES = YES;
				CODE_SIGN_STYLE = Automatic;
				CURRENT_PROJECT_VERSION = 1;
				DEVELOPMENT_TEAM = 9S84Q43P56;
				GENERATE_INFOPLIST_FILE = YES;
				MACOSX_DEPLOYMENT_TARGET = 12.1;
				MARKETING_VERSION = 1.0;
				PRODUCT_BUNDLE_IDENTIFIER = "hung-chun.tsai.Tests-macOS";
				PRODUCT_NAME = "$(TARGET_NAME)";
				SDKROOT = macosx;
				SWIFT_EMIT_LOC_STRINGS = NO;
				SWIFT_VERSION = 5.0;
				TEST_TARGET_NAME = "NavigationRouterPractice (macOS)";
			};
			name = Debug;
		};
		ADA9CD102882518B006F4E36 /* Release */ = {
			isa = XCBuildConfiguration;
			buildSettings = {
				ALWAYS_EMBED_SWIFT_STANDARD_LIBRARIES = YES;
				CODE_SIGN_STYLE = Automatic;
				CURRENT_PROJECT_VERSION = 1;
				DEVELOPMENT_TEAM = 9S84Q43P56;
				GENERATE_INFOPLIST_FILE = YES;
				MACOSX_DEPLOYMENT_TARGET = 12.1;
				MARKETING_VERSION = 1.0;
				PRODUCT_BUNDLE_IDENTIFIER = "hung-chun.tsai.Tests-macOS";
				PRODUCT_NAME = "$(TARGET_NAME)";
				SDKROOT = macosx;
				SWIFT_EMIT_LOC_STRINGS = NO;
				SWIFT_VERSION = 5.0;
				TEST_TARGET_NAME = "NavigationRouterPractice (macOS)";
			};
			name = Release;
		};
/* End XCBuildConfiguration section */

/* Begin XCConfigurationList section */
		ADA9CCD32882518A006F4E36 /* Build configuration list for PBXProject "NavigationRouterPractice" */ = {
			isa = XCConfigurationList;
			buildConfigurations = (
				ADA9CD032882518B006F4E36 /* Debug */,
				ADA9CD042882518B006F4E36 /* Release */,
			);
			defaultConfigurationIsVisible = 0;
			defaultConfigurationName = Release;
		};
		ADA9CD052882518B006F4E36 /* Build configuration list for PBXNativeTarget "NavigationRouterPractice (iOS)" */ = {
			isa = XCConfigurationList;
			buildConfigurations = (
				ADA9CD062882518B006F4E36 /* Debug */,
				ADA9CD072882518B006F4E36 /* Release */,
			);
			defaultConfigurationIsVisible = 0;
			defaultConfigurationName = Release;
		};
		ADA9CD082882518B006F4E36 /* Build configuration list for PBXNativeTarget "NavigationRouterPractice (macOS)" */ = {
			isa = XCConfigurationList;
			buildConfigurations = (
				ADA9CD092882518B006F4E36 /* Debug */,
				ADA9CD0A2882518B006F4E36 /* Release */,
			);
			defaultConfigurationIsVisible = 0;
			defaultConfigurationName = Release;
		};
		ADA9CD0B2882518B006F4E36 /* Build configuration list for PBXNativeTarget "Tests iOS" */ = {
			isa = XCConfigurationList;
			buildConfigurations = (
				ADA9CD0C2882518B006F4E36 /* Debug */,
				ADA9CD0D2882518B006F4E36 /* Release */,
			);
			defaultConfigurationIsVisible = 0;
			defaultConfigurationName = Release;
		};
		ADA9CD0E2882518B006F4E36 /* Build configuration list for PBXNativeTarget "Tests macOS" */ = {
			isa = XCConfigurationList;
			buildConfigurations = (
				ADA9CD0F2882518B006F4E36 /* Debug */,
				ADA9CD102882518B006F4E36 /* Release */,
			);
			defaultConfigurationIsVisible = 0;
			defaultConfigurationName = Release;
		};
/* End XCConfigurationList section */
	};
	rootObject = ADA9CCD02882518A006F4E36 /* Project object */;
}
